// !$*UTF8*$!
{
	archiveVersion = 1;
	classes = {
	};
	objectVersion = 56;
	objects = {

/* Begin PBXBuildFile section */
		18AA63C42BA1BF7600917737 /* CustomBottomBar.swift in Sources */ = {isa = PBXBuildFile; fileRef = 18AA63C32BA1BF7600917737 /* CustomBottomBar.swift */; };
		18E96FA62B89BBD700F13ECD /* AppDelegate.swift in Sources */ = {isa = PBXBuildFile; fileRef = 18E96FA52B89BBD700F13ECD /* AppDelegate.swift */; };
		18E96FA82B89BBD700F13ECD /* SceneDelegate.swift in Sources */ = {isa = PBXBuildFile; fileRef = 18E96FA72B89BBD700F13ECD /* SceneDelegate.swift */; };
		18E96FAA2B89BBD700F13ECD /* ViewController.swift in Sources */ = {isa = PBXBuildFile; fileRef = 18E96FA92B89BBD700F13ECD /* ViewController.swift */; };
		18E96FAD2B89BBD700F13ECD /* Main.storyboard in Resources */ = {isa = PBXBuildFile; fileRef = 18E96FAB2B89BBD700F13ECD /* Main.storyboard */; };
		18E96FAF2B89BBD900F13ECD /* Assets.xcassets in Resources */ = {isa = PBXBuildFile; fileRef = 18E96FAE2B89BBD900F13ECD /* Assets.xcassets */; };
		18E96FB22B89BBD900F13ECD /* LaunchScreen.storyboard in Resources */ = {isa = PBXBuildFile; fileRef = 18E96FB02B89BBD900F13ECD /* LaunchScreen.storyboard */; };
		18E96FBA2B89BBE900F13ECD /* CustomeShape.swift in Sources */ = {isa = PBXBuildFile; fileRef = 18E96FB92B89BBE900F13ECD /* CustomeShape.swift */; };
/* End PBXBuildFile section */

/* Begin PBXFileReference section */
		18AA63C32BA1BF7600917737 /* CustomBottomBar.swift */ = {isa = PBXFileReference; lastKnownFileType = sourcecode.swift; path = CustomBottomBar.swift; sourceTree = "<group>"; };
		18E96FA22B89BBD700F13ECD /* demoCustomeShape.app */ = {isa = PBXFileReference; explicitFileType = wrapper.application; includeInIndex = 0; path = demoCustomeShape.app; sourceTree = BUILT_PRODUCTS_DIR; };
		18E96FA52B89BBD700F13ECD /* AppDelegate.swift */ = {isa = PBXFileReference; lastKnownFileType = sourcecode.swift; path = AppDelegate.swift; sourceTree = "<group>"; };
		18E96FA72B89BBD700F13ECD /* SceneDelegate.swift */ = {isa = PBXFileReference; lastKnownFileType = sourcecode.swift; path = SceneDelegate.swift; sourceTree = "<group>"; };
		18E96FA92B89BBD700F13ECD /* ViewController.swift */ = {isa = PBXFileReference; lastKnownFileType = sourcecode.swift; path = ViewController.swift; sourceTree = "<group>"; };
		18E96FAC2B89BBD700F13ECD /* Base */ = {isa = PBXFileReference; lastKnownFileType = file.storyboard; name = Base; path = Base.lproj/Main.storyboard; sourceTree = "<group>"; };
		18E96FAE2B89BBD900F13ECD /* Assets.xcassets */ = {isa = PBXFileReference; lastKnownFileType = folder.assetcatalog; path = Assets.xcassets; sourceTree = "<group>"; };
		18E96FB12B89BBD900F13ECD /* Base */ = {isa = PBXFileReference; lastKnownFileType = file.storyboard; name = Base; path = Base.lproj/LaunchScreen.storyboard; sourceTree = "<group>"; };
		18E96FB32B89BBD900F13ECD /* Info.plist */ = {isa = PBXFileReference; lastKnownFileType = text.plist.xml; path = Info.plist; sourceTree = "<group>"; };
		18E96FB92B89BBE900F13ECD /* CustomeShape.swift */ = {isa = PBXFileReference; lastKnownFileType = sourcecode.swift; path = CustomeShape.swift; sourceTree = "<group>"; };
/* End PBXFileReference section */

/* Begin PBXFrameworksBuildPhase section */
		18E96F9F2B89BBD700F13ECD /* Frameworks */ = {
			isa = PBXFrameworksBuildPhase;
			buildActionMask = 2147483647;
			files = (
			);
			runOnlyForDeploymentPostprocessing = 0;
		};
/* End PBXFrameworksBuildPhase section */

/* Begin PBXGroup section */
		18E96F992B89BBD700F13ECD = {
			isa = PBXGroup;
			children = (
				18E96FA42B89BBD700F13ECD /* demoCustomeShape */,
				18E96FA32B89BBD700F13ECD /* Products */,
			);
			sourceTree = "<group>";
		};
		18E96FA32B89BBD700F13ECD /* Products */ = {
			isa = PBXGroup;
			children = (
				18E96FA22B89BBD700F13ECD /* demoCustomeShape.app */,
			);
			name = Products;
			sourceTree = "<group>";
		};
		18E96FA42B89BBD700F13ECD /* demoCustomeShape */ = {
			isa = PBXGroup;
			children = (
				18E96FA52B89BBD700F13ECD /* AppDelegate.swift */,
				18E96FA72B89BBD700F13ECD /* SceneDelegate.swift */,
				18E96FA92B89BBD700F13ECD /* ViewController.swift */,
				18E96FAB2B89BBD700F13ECD /* Main.storyboard */,
				18E96FAE2B89BBD900F13ECD /* Assets.xcassets */,
				18E96FB02B89BBD900F13ECD /* LaunchScreen.storyboard */,
				18E96FB32B89BBD900F13ECD /* Info.plist */,
				18E96FB92B89BBE900F13ECD /* CustomeShape.swift */,
				18AA63C32BA1BF7600917737 /* CustomBottomBar.swift */,
			);
			path = demoCustomeShape;
			sourceTree = "<group>";
		};
/* End PBXGroup section */

/* Begin PBXNativeTarget section */
		18E96FA12B89BBD700F13ECD /* demoCustomeShape */ = {
			isa = PBXNativeTarget;
			buildConfigurationList = 18E96FB62B89BBD900F13ECD /* Build configuration list for PBXNativeTarget "demoCustomeShape" */;
			buildPhases = (
				18E96F9E2B89BBD700F13ECD /* Sources */,
				18E96F9F2B89BBD700F13ECD /* Frameworks */,
				18E96FA02B89BBD700F13ECD /* Resources */,
			);
			buildRules = (
			);
			dependencies = (
			);
			name = demoCustomeShape;
			productName = demoCustomeShape;
			productReference = 18E96FA22B89BBD700F13ECD /* demoCustomeShape.app */;
			productType = "com.apple.product-type.application";
		};
/* End PBXNativeTarget section */

/* Begin PBXProject section */
		18E96F9A2B89BBD700F13ECD /* Project object */ = {
			isa = PBXProject;
			attributes = {
				BuildIndependentTargetsInParallel = 1;
				LastSwiftUpdateCheck = 1430;
				LastUpgradeCheck = 1430;
				TargetAttributes = {
					18E96FA12B89BBD700F13ECD = {
						CreatedOnToolsVersion = 14.3.1;
					};
				};
			};
			buildConfigurationList = 18E96F9D2B89BBD700F13ECD /* Build configuration list for PBXProject "demoCustomeShape" */;
			compatibilityVersion = "Xcode 14.0";
			developmentRegion = en;
			hasScannedForEncodings = 0;
			knownRegions = (
				en,
				Base,
			);
			mainGroup = 18E96F992B89BBD700F13ECD;
			productRefGroup = 18E96FA32B89BBD700F13ECD /* Products */;
			projectDirPath = "";
			projectRoot = "";
			targets = (
				18E96FA12B89BBD700F13ECD /* demoCustomeShape */,
			);
		};
/* End PBXProject section */

/* Begin PBXResourcesBuildPhase section */
		18E96FA02B89BBD700F13ECD /* Resources */ = {
			isa = PBXResourcesBuildPhase;
			buildActionMask = 2147483647;
			files = (
				18E96FB22B89BBD900F13ECD /* LaunchScreen.storyboard in Resources */,
				18E96FAF2B89BBD900F13ECD /* Assets.xcassets in Resources */,
				18E96FAD2B89BBD700F13ECD /* Main.storyboard in Resources */,
			);
			runOnlyForDeploymentPostprocessing = 0;
		};
/* End PBXResourcesBuildPhase section */

/* Begin PBXSourcesBuildPhase section */
		18E96F9E2B89BBD700F13ECD /* Sources */ = {
			isa = PBXSourcesBuildPhase;
			buildActionMask = 2147483647;
			files = (
				18E96FAA2B89BBD700F13ECD /* ViewController.swift in Sources */,
				18E96FA62B89BBD700F13ECD /* AppDelegate.swift in Sources */,
				18E96FBA2B89BBE900F13ECD /* CustomeShape.swift in Sources */,
				18E96FA82B89BBD700F13ECD /* SceneDelegate.swift in Sources */,
				18AA63C42BA1BF7600917737 /* CustomBottomBar.swift in Sources */,
			);
			runOnlyForDeploymentPostprocessing = 0;
		};
/* End PBXSourcesBuildPhase section */

/* Begin PBXVariantGroup section */
		18E96FAB2B89BBD700F13ECD /* Main.storyboard */ = {
			isa = PBXVariantGroup;
			children = (
				18E96FAC2B89BBD700F13ECD /* Base */,
			);
			name = Main.storyboard;
			sourceTree = "<group>";
		};
		18E96FB02B89BBD900F13ECD /* LaunchScreen.storyboard */ = {
			isa = PBXVariantGroup;
			children = (
				18E96FB12B89BBD900F13ECD /* Base */,
			);
			name = LaunchScreen.storyboard;
			sourceTree = "<group>";
		};
/* End PBXVariantGroup section */

/* Begin XCBuildConfiguration section */
		18E96FB42B89BBD900F13ECD /* Debug */ = {
			isa = XCBuildConfiguration;
			buildSettings = {
				ALWAYS_SEARCH_USER_PATHS = NO;
				CLANG_ANALYZER_NONNULL = YES;
				CLANG_ANALYZER_NUMBER_OBJECT_CONVERSION = YES_AGGRESSIVE;
				CLANG_CXX_LANGUAGE_STANDARD = "gnu++20";
				CLANG_ENABLE_MODULES = YES;
				CLANG_ENABLE_OBJC_ARC = YES;
				CLANG_ENABLE_OBJC_WEAK = YES;
				CLANG_WARN_BLOCK_CAPTURE_AUTORELEASING = YES;
				CLANG_WARN_BOOL_CONVERSION = YES;
				CLANG_WARN_COMMA = YES;
				CLANG_WARN_CONSTANT_CONVERSION = YES;
				CLANG_WARN_DEPRECATED_OBJC_IMPLEMENTATIONS = YES;
				CLANG_WARN_DIRECT_OBJC_ISA_USAGE = YES_ERROR;
				CLANG_WARN_DOCUMENTATION_COMMENTS = YES;
				CLANG_WARN_EMPTY_BODY = YES;
				CLANG_WARN_ENUM_CONVERSION = YES;
				CLANG_WARN_INFINITE_RECURSION = YES;
				CLANG_WARN_INT_CONVERSION = YES;
				CLANG_WARN_NON_LITERAL_NULL_CONVERSION = YES;
				CLANG_WARN_OBJC_IMPLICIT_RETAIN_SELF = YES;
				CLANG_WARN_OBJC_LITERAL_CONVERSION = YES;
				CLANG_WARN_OBJC_ROOT_CLASS = YES_ERROR;
				CLANG_WARN_QUOTED_INCLUDE_IN_FRAMEWORK_HEADER = YES;
				CLANG_WARN_RANGE_LOOP_ANALYSIS = YES;
				CLANG_WARN_STRICT_PROTOTYPES = YES;
				CLANG_WARN_SUSPICIOUS_MOVE = YES;
				CLANG_WARN_UNGUARDED_AVAILABILITY = YES_AGGRESSIVE;
				CLANG_WARN_UNREACHABLE_CODE = YES;
				CLANG_WARN__DUPLICATE_METHOD_MATCH = YES;
				COPY_PHASE_STRIP = NO;
				DEBUG_INFORMATION_FORMAT = dwarf;
				ENABLE_STRICT_OBJC_MSGSEND = YES;
				ENABLE_TESTABILITY = YES;
				GCC_C_LANGUAGE_STANDARD = gnu11;
				GCC_DYNAMIC_NO_PIC = NO;
				GCC_NO_COMMON_BLOCKS = YES;
				GCC_OPTIMIZATION_LEVEL = 0;
				GCC_PREPROCESSOR_DEFINITIONS = (
					"DEBUG=1",
					"$(inherited)",
				);
				GCC_WARN_64_TO_32_BIT_CONVERSION = YES;
				GCC_WARN_ABOUT_RETURN_TYPE = YES_ERROR;
				GCC_WARN_UNDECLARED_SELECTOR = YES;
				GCC_WARN_UNINITIALIZED_AUTOS = YES_AGGRESSIVE;
				GCC_WARN_UNUSED_FUNCTION = YES;
				GCC_WARN_UNUSED_VARIABLE = YES;
				IPHONEOS_DEPLOYMENT_TARGET = 16.4;
				MTL_ENABLE_DEBUG_INFO = INCLUDE_SOURCE;
				MTL_FAST_MATH = YES;
				ONLY_ACTIVE_ARCH = YES;
				SDKROOT = iphoneos;
				SWIFT_ACTIVE_COMPILATION_CONDITIONS = DEBUG;
				SWIFT_OPTIMIZATION_LEVEL = "-Onone";
			};
			name = Debug;
		};
		18E96FB52B89BBD900F13ECD /* Release */ = {
			isa = XCBuildConfiguration;
			buildSettings = {
				ALWAYS_SEARCH_USER_PATHS = NO;
				CLANG_ANALYZER_NONNULL = YES;
				CLANG_ANALYZER_NUMBER_OBJECT_CONVERSION = YES_AGGRESSIVE;
				CLANG_CXX_LANGUAGE_STANDARD = "gnu++20";
				CLANG_ENABLE_MODULES = YES;
				CLANG_ENABLE_OBJC_ARC = YES;
				CLANG_ENABLE_OBJC_WEAK = YES;
				CLANG_WARN_BLOCK_CAPTURE_AUTORELEASING = YES;
				CLANG_WARN_BOOL_CONVERSION = YES;
				CLANG_WARN_COMMA = YES;
				CLANG_WARN_CONSTANT_CONVERSION = YES;
				CLANG_WARN_DEPRECATED_OBJC_IMPLEMENTATIONS = YES;
				CLANG_WARN_DIRECT_OBJC_ISA_USAGE = YES_ERROR;
				CLANG_WARN_DOCUMENTATION_COMMENTS = YES;
				CLANG_WARN_EMPTY_BODY = YES;
				CLANG_WARN_ENUM_CONVERSION = YES;
				CLANG_WARN_INFINITE_RECURSION = YES;
				CLANG_WARN_INT_CONVERSION = YES;
				CLANG_WARN_NON_LITERAL_NULL_CONVERSION = YES;
				CLANG_WARN_OBJC_IMPLICIT_RETAIN_SELF = YES;
				CLANG_WARN_OBJC_LITERAL_CONVERSION = YES;
				CLANG_WARN_OBJC_ROOT_CLASS = YES_ERROR;
				CLANG_WARN_QUOTED_INCLUDE_IN_FRAMEWORK_HEADER = YES;
				CLANG_WARN_RANGE_LOOP_ANALYSIS = YES;
				CLANG_WARN_STRICT_PROTOTYPES = YES;
				CLANG_WARN_SUSPICIOUS_MOVE = YES;
				CLANG_WARN_UNGUARDED_AVAILABILITY = YES_AGGRESSIVE;
				CLANG_WARN_UNREACHABLE_CODE = YES;
				CLANG_WARN__DUPLICATE_METHOD_MATCH = YES;
				COPY_PHASE_STRIP = NO;
				DEBUG_INFORMATION_FORMAT = "dwarf-with-dsym";
				ENABLE_NS_ASSERTIONS = NO;
				ENABLE_STRICT_OBJC_MSGSEND = YES;
				GCC_C_LANGUAGE_STANDARD = gnu11;
				GCC_NO_COMMON_BLOCKS = YES;
				GCC_WARN_64_TO_32_BIT_CONVERSION = YES;
				GCC_WARN_ABOUT_RETURN_TYPE = YES_ERROR;
				GCC_WARN_UNDECLARED_SELECTOR = YES;
				GCC_WARN_UNINITIALIZED_AUTOS = YES_AGGRESSIVE;
				GCC_WARN_UNUSED_FUNCTION = YES;
				GCC_WARN_UNUSED_VARIABLE = YES;
				IPHONEOS_DEPLOYMENT_TARGET = 16.4;
				MTL_ENABLE_DEBUG_INFO = NO;
				MTL_FAST_MATH = YES;
				SDKROOT = iphoneos;
				SWIFT_COMPILATION_MODE = wholemodule;
				SWIFT_OPTIMIZATION_LEVEL = "-O";
				VALIDATE_PRODUCT = YES;
			};
			name = Release;
		};
		18E96FB72B89BBD900F13ECD /* Debug */ = {
			isa = XCBuildConfiguration;
			buildSettings = {
				ASSETCATALOG_COMPILER_APPICON_NAME = AppIcon;
				ASSETCATALOG_COMPILER_GLOBAL_ACCENT_COLOR_NAME = AccentColor;
				CODE_SIGN_STYLE = Automatic;
				CURRENT_PROJECT_VERSION = 1;
				DEVELOPMENT_TEAM = 322H6BBUDQ;
				GENERATE_INFOPLIST_FILE = YES;
				INFOPLIST_FILE = demoCustomeShape/Info.plist;
				INFOPLIST_KEY_UIApplicationSupportsIndirectInputEvents = YES;
				INFOPLIST_KEY_UILaunchStoryboardName = LaunchScreen;
				INFOPLIST_KEY_UIMainStoryboardFile = Main;
				INFOPLIST_KEY_UISupportedInterfaceOrientations_iPad = "UIInterfaceOrientationPortrait UIInterfaceOrientationPortraitUpsideDown UIInterfaceOrientationLandscapeLeft UIInterfaceOrientationLandscapeRight";
				INFOPLIST_KEY_UISupportedInterfaceOrientations_iPhone = "UIInterfaceOrientationPortrait UIInterfaceOrientationLandscapeLeft UIInterfaceOrientationLandscapeRight";
				LD_RUNPATH_SEARCH_PATHS = (
					"$(inherited)",
					"@executable_path/Frameworks",
				);
				MARKETING_VERSION = 1.0;
				PRODUCT_BUNDLE_IDENTIFIER = demo.demoCustomeShape;
				PRODUCT_NAME = "$(TARGET_NAME)";
				SWIFT_EMIT_LOC_STRINGS = YES;
				SWIFT_VERSION = 5.0;
				TARGETED_DEVICE_FAMILY = "1,2";
			};
			name = Debug;
		};
		18E96FB82B89BBD900F13ECD /* Release */ = {
			isa = XCBuildConfiguration;
			buildSettings = {
				ASSETCATALOG_COMPILER_APPICON_NAME = AppIcon;
				ASSETCATALOG_COMPILER_GLOBAL_ACCENT_COLOR_NAME = AccentColor;
				CODE_SIGN_STYLE = Automatic;
				CURRENT_PROJECT_VERSION = 1;
				DEVELOPMENT_TEAM = 322H6BBUDQ;
				GENERATE_INFOPLIST_FILE = YES;
				INFOPLIST_FILE = demoCustomeShape/Info.plist;
				INFOPLIST_KEY_UIApplicationSupportsIndirectInputEvents = YES;
				INFOPLIST_KEY_UILaunchStoryboardName = LaunchScreen;
				INFOPLIST_KEY_UIMainStoryboardFile = Main;
				INFOPLIST_KEY_UISupportedInterfaceOrientations_iPad = "UIInterfaceOrientationPortrait UIInterfaceOrientationPortraitUpsideDown UIInterfaceOrientationLandscapeLeft UIInterfaceOrientationLandscapeRight";
				INFOPLIST_KEY_UISupportedInterfaceOrientations_iPhone = "UIInterfaceOrientationPortrait UIInterfaceOrientationLandscapeLeft UIInterfaceOrientationLandscapeRight";
				LD_RUNPATH_SEARCH_PATHS = (
					"$(inherited)",
					"@executable_path/Frameworks",
				);
				MARKETING_VERSION = 1.0;
				PRODUCT_BUNDLE_IDENTIFIER = demo.demoCustomeShape;
				PRODUCT_NAME = "$(TARGET_NAME)";
				SWIFT_EMIT_LOC_STRINGS = YES;
				SWIFT_VERSION = 5.0;
				TARGETED_DEVICE_FAMILY = "1,2";
			};
			name = Release;
		};
/* End XCBuildConfiguration section */

/* Begin XCConfigurationList section */
		18E96F9D2B89BBD700F13ECD /* Build configuration list for PBXProject "demoCustomeShape" */ = {
			isa = XCConfigurationList;
			buildConfigurations = (
				18E96FB42B89BBD900F13ECD /* Debug */,
				18E96FB52B89BBD900F13ECD /* Release */,
			);
			defaultConfigurationIsVisible = 0;
			defaultConfigurationName = Release;
		};
		18E96FB62B89BBD900F13ECD /* Build configuration list for PBXNativeTarget "demoCustomeShape" */ = {
			isa = XCConfigurationList;
			buildConfigurations = (
				18E96FB72B89BBD900F13ECD /* Debug */,
				18E96FB82B89BBD900F13ECD /* Release */,
			);
			defaultConfigurationIsVisible = 0;
			defaultConfigurationName = Release;
		};
/* End XCConfigurationList section */
	};
	rootObject = 18E96F9A2B89BBD700F13ECD /* Project object */;
}
