// !$*UTF8*$!
{
	archiveVersion = 1;
	classes = {
	};
	objectVersion = 56;
	objects = {

/* Begin PBXBuildFile section */
		180C2C9B2B4BABA9005F91B1 /* AppDelegate.swift in Sources */ = {isa = PBXBuildFile; fileRef = 180C2C9A2B4BABA9005F91B1 /* AppDelegate.swift */; };
		180C2C9D2B4BABA9005F91B1 /* SceneDelegate.swift in Sources */ = {isa = PBXBuildFile; fileRef = 180C2C9C2B4BABA9005F91B1 /* SceneDelegate.swift */; };
		180C2C9F2B4BABA9005F91B1 /* ViewController.swift in Sources */ = {isa = PBXBuildFile; fileRef = 180C2C9E2B4BABA9005F91B1 /* ViewController.swift */; };
		180C2CA22B4BABA9005F91B1 /* Main.storyboard in Resources */ = {isa = PBXBuildFile; fileRef = 180C2CA02B4BABA9005F91B1 /* Main.storyboard */; };
		180C2CA42B4BABAB005F91B1 /* Assets.xcassets in Resources */ = {isa = PBXBuildFile; fileRef = 180C2CA32B4BABAB005F91B1 /* Assets.xcassets */; };
		180C2CA72B4BABAB005F91B1 /* LaunchScreen.storyboard in Resources */ = {isa = PBXBuildFile; fileRef = 180C2CA52B4BABAB005F91B1 /* LaunchScreen.storyboard */; };
		180C2CAF2B4BB184005F91B1 /* RecentViewController.swift in Sources */ = {isa = PBXBuildFile; fileRef = 180C2CAE2B4BB184005F91B1 /* RecentViewController.swift */; };
		180C2CB12B4BB1FA005F91B1 /* ContactViewController.swift in Sources */ = {isa = PBXBuildFile; fileRef = 180C2CB02B4BB1FA005F91B1 /* ContactViewController.swift */; };
		182809152B4D0721000678EB /* myViewCell.swift in Sources */ = {isa = PBXBuildFile; fileRef = 182809142B4D0721000678EB /* myViewCell.swift */; };
/* End PBXBuildFile section */

/* Begin PBXFileReference section */
		180C2C972B4BABA9005F91B1 /* demoTabBar.app */ = {isa = PBXFileReference; explicitFileType = wrapper.application; includeInIndex = 0; path = demoTabBar.app; sourceTree = BUILT_PRODUCTS_DIR; };
		180C2C9A2B4BABA9005F91B1 /* AppDelegate.swift */ = {isa = PBXFileReference; lastKnownFileType = sourcecode.swift; path = AppDelegate.swift; sourceTree = "<group>"; };
		180C2C9C2B4BABA9005F91B1 /* SceneDelegate.swift */ = {isa = PBXFileReference; lastKnownFileType = sourcecode.swift; path = SceneDelegate.swift; sourceTree = "<group>"; };
		180C2C9E2B4BABA9005F91B1 /* ViewController.swift */ = {isa = PBXFileReference; lastKnownFileType = sourcecode.swift; path = ViewController.swift; sourceTree = "<group>"; };
		180C2CA12B4BABA9005F91B1 /* Base */ = {isa = PBXFileReference; lastKnownFileType = file.storyboard; name = Base; path = Base.lproj/Main.storyboard; sourceTree = "<group>"; };
		180C2CA32B4BABAB005F91B1 /* Assets.xcassets */ = {isa = PBXFileReference; lastKnownFileType = folder.assetcatalog; path = Assets.xcassets; sourceTree = "<group>"; };
		180C2CA62B4BABAB005F91B1 /* Base */ = {isa = PBXFileReference; lastKnownFileType = file.storyboard; name = Base; path = Base.lproj/LaunchScreen.storyboard; sourceTree = "<group>"; };
		180C2CA82B4BABAB005F91B1 /* Info.plist */ = {isa = PBXFileReference; lastKnownFileType = text.plist.xml; path = Info.plist; sourceTree = "<group>"; };
		180C2CAE2B4BB184005F91B1 /* RecentViewController.swift */ = {isa = PBXFileReference; lastKnownFileType = sourcecode.swift; path = RecentViewController.swift; sourceTree = "<group>"; };
		180C2CB02B4BB1FA005F91B1 /* ContactViewController.swift */ = {isa = PBXFileReference; lastKnownFileType = sourcecode.swift; path = ContactViewController.swift; sourceTree = "<group>"; };
		182809142B4D0721000678EB /* myViewCell.swift */ = {isa = PBXFileReference; lastKnownFileType = sourcecode.swift; path = myViewCell.swift; sourceTree = "<group>"; };
/* End PBXFileReference section */

/* Begin PBXFrameworksBuildPhase section */
		180C2C942B4BABA9005F91B1 /* Frameworks */ = {
			isa = PBXFrameworksBuildPhase;
			buildActionMask = 2147483647;
			files = (
			);
			runOnlyForDeploymentPostprocessing = 0;
		};
/* End PBXFrameworksBuildPhase section */

/* Begin PBXGroup section */
		180C2C8E2B4BABA9005F91B1 = {
			isa = PBXGroup;
			children = (
				180C2C992B4BABA9005F91B1 /* demoTabBar */,
				180C2C982B4BABA9005F91B1 /* Products */,
			);
			sourceTree = "<group>";
		};
		180C2C982B4BABA9005F91B1 /* Products */ = {
			isa = PBXGroup;
			children = (
				180C2C972B4BABA9005F91B1 /* demoTabBar.app */,
			);
			name = Products;
			sourceTree = "<group>";
		};
		180C2C992B4BABA9005F91B1 /* demoTabBar */ = {
			isa = PBXGroup;
			children = (
				182809132B4D06FE000678EB /* Models */,
				180C2C9A2B4BABA9005F91B1 /* AppDelegate.swift */,
				180C2C9C2B4BABA9005F91B1 /* SceneDelegate.swift */,
				180C2C9E2B4BABA9005F91B1 /* ViewController.swift */,
				180C2CA02B4BABA9005F91B1 /* Main.storyboard */,
				180C2CA32B4BABAB005F91B1 /* Assets.xcassets */,
				180C2CA52B4BABAB005F91B1 /* LaunchScreen.storyboard */,
				180C2CA82B4BABAB005F91B1 /* Info.plist */,
				180C2CAE2B4BB184005F91B1 /* RecentViewController.swift */,
				180C2CB02B4BB1FA005F91B1 /* ContactViewController.swift */,
			);
			path = demoTabBar;
			sourceTree = "<group>";
		};
		182809132B4D06FE000678EB /* Models */ = {
			isa = PBXGroup;
			children = (
				182809142B4D0721000678EB /* myViewCell.swift */,
			);
			path = Models;
			sourceTree = "<group>";
		};
/* End PBXGroup section */

/* Begin PBXNativeTarget section */
		180C2C962B4BABA9005F91B1 /* demoTabBar */ = {
			isa = PBXNativeTarget;
			buildConfigurationList = 180C2CAB2B4BABAB005F91B1 /* Build configuration list for PBXNativeTarget "demoTabBar" */;
			buildPhases = (
				180C2C932B4BABA9005F91B1 /* Sources */,
				180C2C942B4BABA9005F91B1 /* Frameworks */,
				180C2C952B4BABA9005F91B1 /* Resources */,
			);
			buildRules = (
			);
			dependencies = (
			);
			name = demoTabBar;
			productName = demoTabBar;
			productReference = 180C2C972B4BABA9005F91B1 /* demoTabBar.app */;
			productType = "com.apple.product-type.application";
		};
/* End PBXNativeTarget section */

/* Begin PBXProject section */
		180C2C8F2B4BABA9005F91B1 /* Project object */ = {
			isa = PBXProject;
			attributes = {
				BuildIndependentTargetsInParallel = 1;
				LastSwiftUpdateCheck = 1430;
				LastUpgradeCheck = 1430;
				TargetAttributes = {
					180C2C962B4BABA9005F91B1 = {
						CreatedOnToolsVersion = 14.3.1;
					};
				};
			};
			buildConfigurationList = 180C2C922B4BABA9005F91B1 /* Build configuration list for PBXProject "demoTabBar" */;
			compatibilityVersion = "Xcode 14.0";
			developmentRegion = en;
			hasScannedForEncodings = 0;
			knownRegions = (
				en,
				Base,
			);
			mainGroup = 180C2C8E2B4BABA9005F91B1;
			productRefGroup = 180C2C982B4BABA9005F91B1 /* Products */;
			projectDirPath = "";
			projectRoot = "";
			targets = (
				180C2C962B4BABA9005F91B1 /* demoTabBar */,
			);
		};
/* End PBXProject section */

/* Begin PBXResourcesBuildPhase section */
		180C2C952B4BABA9005F91B1 /* Resources */ = {
			isa = PBXResourcesBuildPhase;
			buildActionMask = 2147483647;
			files = (
				180C2CA72B4BABAB005F91B1 /* LaunchScreen.storyboard in Resources */,
				180C2CA42B4BABAB005F91B1 /* Assets.xcassets in Resources */,
				180C2CA22B4BABA9005F91B1 /* Main.storyboard in Resources */,
			);
			runOnlyForDeploymentPostprocessing = 0;
		};
/* End PBXResourcesBuildPhase section */

/* Begin PBXSourcesBuildPhase section */
		180C2C932B4BABA9005F91B1 /* Sources */ = {
			isa = PBXSourcesBuildPhase;
			buildActionMask = 2147483647;
			files = (
				182809152B4D0721000678EB /* myViewCell.swift in Sources */,
				180C2C9F2B4BABA9005F91B1 /* ViewController.swift in Sources */,
				180C2CAF2B4BB184005F91B1 /* RecentViewController.swift in Sources */,
				180C2C9B2B4BABA9005F91B1 /* AppDelegate.swift in Sources */,
				180C2CB12B4BB1FA005F91B1 /* ContactViewController.swift in Sources */,
				180C2C9D2B4BABA9005F91B1 /* SceneDelegate.swift in Sources */,
			);
			runOnlyForDeploymentPostprocessing = 0;
		};
/* End PBXSourcesBuildPhase section */

/* Begin PBXVariantGroup section */
		180C2CA02B4BABA9005F91B1 /* Main.storyboard */ = {
			isa = PBXVariantGroup;
			children = (
				180C2CA12B4BABA9005F91B1 /* Base */,
			);
			name = Main.storyboard;
			sourceTree = "<group>";
		};
		180C2CA52B4BABAB005F91B1 /* LaunchScreen.storyboard */ = {
			isa = PBXVariantGroup;
			children = (
				180C2CA62B4BABAB005F91B1 /* Base */,
			);
			name = LaunchScreen.storyboard;
			sourceTree = "<group>";
		};
/* End PBXVariantGroup section */

/* Begin XCBuildConfiguration section */
		180C2CA92B4BABAB005F91B1 /* Debug */ = {
			isa = XCBuildConfiguration;
			buildSettings = {
				ALWAYS_SEARCH_USER_PATHS = NO;
				CLANG_ANALYZER_NONNULL = YES;
				CLANG_ANALYZER_NUMBER_OBJECT_CONVERSION = YES_AGGRESSIVE;
				CLANG_CXX_LANGUAGE_STANDARD = "gnu++20";
				CLANG_ENABLE_MODULES = YES;
				CLANG_ENABLE_OBJC_ARC = YES;
				CLANG_ENABLE_OBJC_WEAK = YES;
				CLANG_WARN_BLOCK_CAPTURE_AUTORELEASING = YES;
				CLANG_WARN_BOOL_CONVERSION = YES;
				CLANG_WARN_COMMA = YES;
				CLANG_WARN_CONSTANT_CONVERSION = YES;
				CLANG_WARN_DEPRECATED_OBJC_IMPLEMENTATIONS = YES;
				CLANG_WARN_DIRECT_OBJC_ISA_USAGE = YES_ERROR;
				CLANG_WARN_DOCUMENTATION_COMMENTS = YES;
				CLANG_WARN_EMPTY_BODY = YES;
				CLANG_WARN_ENUM_CONVERSION = YES;
				CLANG_WARN_INFINITE_RECURSION = YES;
				CLANG_WARN_INT_CONVERSION = YES;
				CLANG_WARN_NON_LITERAL_NULL_CONVERSION = YES;
				CLANG_WARN_OBJC_IMPLICIT_RETAIN_SELF = YES;
				CLANG_WARN_OBJC_LITERAL_CONVERSION = YES;
				CLANG_WARN_OBJC_ROOT_CLASS = YES_ERROR;
				CLANG_WARN_QUOTED_INCLUDE_IN_FRAMEWORK_HEADER = YES;
				CLANG_WARN_RANGE_LOOP_ANALYSIS = YES;
				CLANG_WARN_STRICT_PROTOTYPES = YES;
				CLANG_WARN_SUSPICIOUS_MOVE = YES;
				CLANG_WARN_UNGUARDED_AVAILABILITY = YES_AGGRESSIVE;
				CLANG_WARN_UNREACHABLE_CODE = YES;
				CLANG_WARN__DUPLICATE_METHOD_MATCH = YES;
				COPY_PHASE_STRIP = NO;
				DEBUG_INFORMATION_FORMAT = dwarf;
				ENABLE_STRICT_OBJC_MSGSEND = YES;
				ENABLE_TESTABILITY = YES;
				GCC_C_LANGUAGE_STANDARD = gnu11;
				GCC_DYNAMIC_NO_PIC = NO;
				GCC_NO_COMMON_BLOCKS = YES;
				GCC_OPTIMIZATION_LEVEL = 0;
				GCC_PREPROCESSOR_DEFINITIONS = (
					"DEBUG=1",
					"$(inherited)",
				);
				GCC_WARN_64_TO_32_BIT_CONVERSION = YES;
				GCC_WARN_ABOUT_RETURN_TYPE = YES_ERROR;
				GCC_WARN_UNDECLARED_SELECTOR = YES;
				GCC_WARN_UNINITIALIZED_AUTOS = YES_AGGRESSIVE;
				GCC_WARN_UNUSED_FUNCTION = YES;
				GCC_WARN_UNUSED_VARIABLE = YES;
				IPHONEOS_DEPLOYMENT_TARGET = 16.4;
				MTL_ENABLE_DEBUG_INFO = INCLUDE_SOURCE;
				MTL_FAST_MATH = YES;
				ONLY_ACTIVE_ARCH = YES;
				SDKROOT = iphoneos;
				SWIFT_ACTIVE_COMPILATION_CONDITIONS = DEBUG;
				SWIFT_OPTIMIZATION_LEVEL = "-Onone";
			};
			name = Debug;
		};
		180C2CAA2B4BABAB005F91B1 /* Release */ = {
			isa = XCBuildConfiguration;
			buildSettings = {
				ALWAYS_SEARCH_USER_PATHS = NO;
				CLANG_ANALYZER_NONNULL = YES;
				CLANG_ANALYZER_NUMBER_OBJECT_CONVERSION = YES_AGGRESSIVE;
				CLANG_CXX_LANGUAGE_STANDARD = "gnu++20";
				CLANG_ENABLE_MODULES = YES;
				CLANG_ENABLE_OBJC_ARC = YES;
				CLANG_ENABLE_OBJC_WEAK = YES;
				CLANG_WARN_BLOCK_CAPTURE_AUTORELEASING = YES;
				CLANG_WARN_BOOL_CONVERSION = YES;
				CLANG_WARN_COMMA = YES;
				CLANG_WARN_CONSTANT_CONVERSION = YES;
				CLANG_WARN_DEPRECATED_OBJC_IMPLEMENTATIONS = YES;
				CLANG_WARN_DIRECT_OBJC_ISA_USAGE = YES_ERROR;
				CLANG_WARN_DOCUMENTATION_COMMENTS = YES;
				CLANG_WARN_EMPTY_BODY = YES;
				CLANG_WARN_ENUM_CONVERSION = YES;
				CLANG_WARN_INFINITE_RECURSION = YES;
				CLANG_WARN_INT_CONVERSION = YES;
				CLANG_WARN_NON_LITERAL_NULL_CONVERSION = YES;
				CLANG_WARN_OBJC_IMPLICIT_RETAIN_SELF = YES;
				CLANG_WARN_OBJC_LITERAL_CONVERSION = YES;
				CLANG_WARN_OBJC_ROOT_CLASS = YES_ERROR;
				CLANG_WARN_QUOTED_INCLUDE_IN_FRAMEWORK_HEADER = YES;
				CLANG_WARN_RANGE_LOOP_ANALYSIS = YES;
				CLANG_WARN_STRICT_PROTOTYPES = YES;
				CLANG_WARN_SUSPICIOUS_MOVE = YES;
				CLANG_WARN_UNGUARDED_AVAILABILITY = YES_AGGRESSIVE;
				CLANG_WARN_UNREACHABLE_CODE = YES;
				CLANG_WARN__DUPLICATE_METHOD_MATCH = YES;
				COPY_PHASE_STRIP = NO;
				DEBUG_INFORMATION_FORMAT = "dwarf-with-dsym";
				ENABLE_NS_ASSERTIONS = NO;
				ENABLE_STRICT_OBJC_MSGSEND = YES;
				GCC_C_LANGUAGE_STANDARD = gnu11;
				GCC_NO_COMMON_BLOCKS = YES;
				GCC_WARN_64_TO_32_BIT_CONVERSION = YES;
				GCC_WARN_ABOUT_RETURN_TYPE = YES_ERROR;
				GCC_WARN_UNDECLARED_SELECTOR = YES;
				GCC_WARN_UNINITIALIZED_AUTOS = YES_AGGRESSIVE;
				GCC_WARN_UNUSED_FUNCTION = YES;
				GCC_WARN_UNUSED_VARIABLE = YES;
				IPHONEOS_DEPLOYMENT_TARGET = 16.4;
				MTL_ENABLE_DEBUG_INFO = NO;
				MTL_FAST_MATH = YES;
				SDKROOT = iphoneos;
				SWIFT_COMPILATION_MODE = wholemodule;
				SWIFT_OPTIMIZATION_LEVEL = "-O";
				VALIDATE_PRODUCT = YES;
			};
			name = Release;
		};
		180C2CAC2B4BABAB005F91B1 /* Debug */ = {
			isa = XCBuildConfiguration;
			buildSettings = {
				ASSETCATALOG_COMPILER_APPICON_NAME = AppIcon;
				ASSETCATALOG_COMPILER_GLOBAL_ACCENT_COLOR_NAME = AccentColor;
				CODE_SIGN_STYLE = Automatic;
				CURRENT_PROJECT_VERSION = 1;
				DEVELOPMENT_TEAM = 322H6BBUDQ;
				GENERATE_INFOPLIST_FILE = YES;
				INFOPLIST_FILE = demoTabBar/Info.plist;
				INFOPLIST_KEY_NSPhotoLibraryAddUsageDescription = "Please allow permission to access photos";
				INFOPLIST_KEY_UIApplicationSupportsIndirectInputEvents = YES;
				INFOPLIST_KEY_UILaunchStoryboardName = LaunchScreen;
				INFOPLIST_KEY_UIMainStoryboardFile = Main;
				INFOPLIST_KEY_UISupportedInterfaceOrientations_iPad = "UIInterfaceOrientationPortrait UIInterfaceOrientationPortraitUpsideDown UIInterfaceOrientationLandscapeLeft UIInterfaceOrientationLandscapeRight";
				INFOPLIST_KEY_UISupportedInterfaceOrientations_iPhone = "UIInterfaceOrientationPortrait UIInterfaceOrientationLandscapeLeft UIInterfaceOrientationLandscapeRight";
				IPHONEOS_DEPLOYMENT_TARGET = 16.4;
				LD_RUNPATH_SEARCH_PATHS = (
					"$(inherited)",
					"@executable_path/Frameworks",
				);
				MARKETING_VERSION = 1.0;
				PRODUCT_BUNDLE_IDENTIFIER = demo.demoTabBar;
				PRODUCT_NAME = "$(TARGET_NAME)";
				SWIFT_EMIT_LOC_STRINGS = YES;
				SWIFT_VERSION = 5.0;
				TARGETED_DEVICE_FAMILY = "1,2";
			};
			name = Debug;
		};
		180C2CAD2B4BABAB005F91B1 /* Release */ = {
			isa = XCBuildConfiguration;
			buildSettings = {
				ASSETCATALOG_COMPILER_APPICON_NAME = AppIcon;
				ASSETCATALOG_COMPILER_GLOBAL_ACCENT_COLOR_NAME = AccentColor;
				CODE_SIGN_STYLE = Automatic;
				CURRENT_PROJECT_VERSION = 1;
				DEVELOPMENT_TEAM = 322H6BBUDQ;
				GENERATE_INFOPLIST_FILE = YES;
				INFOPLIST_FILE = demoTabBar/Info.plist;
				INFOPLIST_KEY_NSPhotoLibraryAddUsageDescription = "Please allow permission to access photos";
				INFOPLIST_KEY_UIApplicationSupportsIndirectInputEvents = YES;
				INFOPLIST_KEY_UILaunchStoryboardName = LaunchScreen;
				INFOPLIST_KEY_UIMainStoryboardFile = Main;
				INFOPLIST_KEY_UISupportedInterfaceOrientations_iPad = "UIInterfaceOrientationPortrait UIInterfaceOrientationPortraitUpsideDown UIInterfaceOrientationLandscapeLeft UIInterfaceOrientationLandscapeRight";
				INFOPLIST_KEY_UISupportedInterfaceOrientations_iPhone = "UIInterfaceOrientationPortrait UIInterfaceOrientationLandscapeLeft UIInterfaceOrientationLandscapeRight";
				IPHONEOS_DEPLOYMENT_TARGET = 16.4;
				LD_RUNPATH_SEARCH_PATHS = (
					"$(inherited)",
					"@executable_path/Frameworks",
				);
				MARKETING_VERSION = 1.0;
				PRODUCT_BUNDLE_IDENTIFIER = demo.demoTabBar;
				PRODUCT_NAME = "$(TARGET_NAME)";
				SWIFT_EMIT_LOC_STRINGS = YES;
				SWIFT_VERSION = 5.0;
				TARGETED_DEVICE_FAMILY = "1,2";
			};
			name = Release;
		};
/* End XCBuildConfiguration section */

/* Begin XCConfigurationList section */
		180C2C922B4BABA9005F91B1 /* Build configuration list for PBXProject "demoTabBar" */ = {
			isa = XCConfigurationList;
			buildConfigurations = (
				180C2CA92B4BABAB005F91B1 /* Debug */,
				180C2CAA2B4BABAB005F91B1 /* Release */,
			);
			defaultConfigurationIsVisible = 0;
			defaultConfigurationName = Release;
		};
		180C2CAB2B4BABAB005F91B1 /* Build configuration list for PBXNativeTarget "demoTabBar" */ = {
			isa = XCConfigurationList;
			buildConfigurations = (
				180C2CAC2B4BABAB005F91B1 /* Debug */,
				180C2CAD2B4BABAB005F91B1 /* Release */,
			);
			defaultConfigurationIsVisible = 0;
			defaultConfigurationName = Release;
		};
/* End XCConfigurationList section */
	};
	rootObject = 180C2C8F2B4BABA9005F91B1 /* Project object */;
}
